
Microsoft Visual Studio Solution File, Format Version 12.00
# Visual Studio Version 17
VisualStudioVersion = 17.6.33723.286
MinimumVisualStudioVersion = 10.0.40219.1
Project("{9A19103F-16F7-4668-BE54-9A1E7A4F7556}") = "bodyshedule", "bodyshedule\bodyshedule.csproj", "{657A5B27-05E1-480B-A6A0-74FDDDE2A506}"
EndProject
Project("{E53339B2-1760-4266-BCC7-CA923CBCF16C}") = "docker-compose", "docker-compose.dcproj", "{40DB04EE-DE98-4421-B121-8614D691F1A4}"
EndProject
Global
	GlobalSection(SolutionConfigurationPlatforms) = preSolution
		Debug|Any CPU = Debug|Any CPU
		Release|Any CPU = Release|Any CPU
	EndGlobalSection
	GlobalSection(ProjectConfigurationPlatforms) = postSolution
		{657A5B27-05E1-480B-A6A0-74FDDDE2A506}.Debug|Any CPU.ActiveCfg = Debug|Any CPU
		{657A5B27-05E1-480B-A6A0-74FDDDE2A506}.Debug|Any CPU.Build.0 = Debug|Any CPU
		{657A5B27-05E1-480B-A6A0-74FDDDE2A506}.Release|Any CPU.ActiveCfg = Release|Any CPU
		{657A5B27-05E1-480B-A6A0-74FDDDE2A506}.Release|Any CPU.Build.0 = Release|Any CPU
		{40DB04EE-DE98-4421-B121-8614D691F1A4}.Debug|Any CPU.ActiveCfg = Debug|Any CPU
		{40DB04EE-DE98-4421-B121-8614D691F1A4}.Debug|Any CPU.Build.0 = Debug|Any CPU
		{40DB04EE-DE98-4421-B121-8614D691F1A4}.Release|Any CPU.ActiveCfg = Release|Any CPU
		{40DB04EE-DE98-4421-B121-8614D691F1A4}.Release|Any CPU.Build.0 = Release|Any CPU
	EndGlobalSection
	GlobalSection(SolutionProperties) = preSolution
		HideSolutionNode = FALSE
	EndGlobalSection
	GlobalSection(ExtensibilityGlobals) = postSolution
		SolutionGuid = {2D55F04C-07E9-4FAA-8D73-FCB2682B2171}
	EndGlobalSection
EndGlobal
